// !$*UTF8*$!
{
	archiveVersion = 1;
	classes = {
	};
	objectVersion = 50;
	objects = {

/* Begin PBXBuildFile section */
		BE8D5B5220C72F6F00212FAB /* MovieTableViewCell.swift in Sources */ = {isa = PBXBuildFile; fileRef = BE8D5B5120C72F6F00212FAB /* MovieTableViewCell.swift */; };
		BE8D5B5420C72F9100212FAB /* UITableViewCell+Extension.swift in Sources */ = {isa = PBXBuildFile; fileRef = BE8D5B5320C72F9100212FAB /* UITableViewCell+Extension.swift */; };
		BE8D5B5620C7317600212FAB /* RootViewController.swift in Sources */ = {isa = PBXBuildFile; fileRef = BE8D5B5520C7317600212FAB /* RootViewController.swift */; };
		BE8D5B5820C737F000212FAB /* UIStoryboardSegue+Extension.swift in Sources */ = {isa = PBXBuildFile; fileRef = BE8D5B5720C737F000212FAB /* UIStoryboardSegue+Extension.swift */; };
		BE8D5B5A20C73CAD00212FAB /* DetailViewController.swift in Sources */ = {isa = PBXBuildFile; fileRef = BE8D5B5920C73CAD00212FAB /* DetailViewController.swift */; };
		BE8D5B5C20C74B4900212FAB /* Array+Extension.swift in Sources */ = {isa = PBXBuildFile; fileRef = BE8D5B5B20C74B4900212FAB /* Array+Extension.swift */; };
		BE8F8C0420C622AD00464572 /* APIClient.swift in Sources */ = {isa = PBXBuildFile; fileRef = BE8F8C0320C622AD00464572 /* APIClient.swift */; };
		BE8F8C0620C622CF00464572 /* APIClient+Extension.swift in Sources */ = {isa = PBXBuildFile; fileRef = BE8F8C0520C622CF00464572 /* APIClient+Extension.swift */; };
		BE8F8C0820C6232400464572 /* Endpoint.swift in Sources */ = {isa = PBXBuildFile; fileRef = BE8F8C0720C6232400464572 /* Endpoint.swift */; };
		BE8F8C0A20C6233D00464572 /* Endpoint+Extension.swift in Sources */ = {isa = PBXBuildFile; fileRef = BE8F8C0920C6233D00464572 /* Endpoint+Extension.swift */; };
		BE8F8C0C20C6238500464572 /* TMDbClient.swift in Sources */ = {isa = PBXBuildFile; fileRef = BE8F8C0B20C6238500464572 /* TMDbClient.swift */; };
		BE8F8C0E20C623F500464572 /* TMDbEndpoint.swift in Sources */ = {isa = PBXBuildFile; fileRef = BE8F8C0D20C623F500464572 /* TMDbEndpoint.swift */; };
		BE8F8C1020C6243900464572 /* PosterEndpoint.swift in Sources */ = {isa = PBXBuildFile; fileRef = BE8F8C0F20C6243900464572 /* PosterEndpoint.swift */; };
		BE8F8C1720C62A1800464572 /* GenreCodable.swift in Sources */ = {isa = PBXBuildFile; fileRef = BE8F8C1320C62A1800464572 /* GenreCodable.swift */; };
		BE8F8C1820C62A1800464572 /* UpcomingCodableList.swift in Sources */ = {isa = PBXBuildFile; fileRef = BE8F8C1420C62A1800464572 /* UpcomingCodableList.swift */; };
		BE8F8C1920C62A1800464572 /* UpcomingCodable.swift in Sources */ = {isa = PBXBuildFile; fileRef = BE8F8C1520C62A1800464572 /* UpcomingCodable.swift */; };
		BE8F8C1A20C62A1800464572 /* GenreCodableList.swift in Sources */ = {isa = PBXBuildFile; fileRef = BE8F8C1620C62A1800464572 /* GenreCodableList.swift */; };
		BE8F8C2820C6D9BC00464572 /* UILabel+Extension.swift in Sources */ = {isa = PBXBuildFile; fileRef = BE8F8C2720C6D9BC00464572 /* UILabel+Extension.swift */; };
		BE8F8C2A20C6E07000464572 /* UIViewController+Extensions.swift in Sources */ = {isa = PBXBuildFile; fileRef = BE8F8C2920C6E07000464572 /* UIViewController+Extensions.swift */; };
		BEBAD17220C5D8FA0032B5A8 /* AppDelegate.swift in Sources */ = {isa = PBXBuildFile; fileRef = BEBAD17120C5D8FA0032B5A8 /* AppDelegate.swift */; };
		BEBAD17720C5D8FA0032B5A8 /* Main.storyboard in Resources */ = {isa = PBXBuildFile; fileRef = BEBAD17520C5D8FA0032B5A8 /* Main.storyboard */; };
		BEBAD17920C5D8FB0032B5A8 /* Assets.xcassets in Resources */ = {isa = PBXBuildFile; fileRef = BEBAD17820C5D8FB0032B5A8 /* Assets.xcassets */; };
		BEBAD17C20C5D8FB0032B5A8 /* LaunchScreen.storyboard in Resources */ = {isa = PBXBuildFile; fileRef = BEBAD17A20C5D8FB0032B5A8 /* LaunchScreen.storyboard */; };
/* End PBXBuildFile section */

/* Begin PBXFileReference section */
		BE8D5B5120C72F6F00212FAB /* MovieTableViewCell.swift */ = {isa = PBXFileReference; lastKnownFileType = sourcecode.swift; path = MovieTableViewCell.swift; sourceTree = "<group>"; };
		BE8D5B5320C72F9100212FAB /* UITableViewCell+Extension.swift */ = {isa = PBXFileReference; lastKnownFileType = sourcecode.swift; path = "UITableViewCell+Extension.swift"; sourceTree = "<group>"; };
		BE8D5B5520C7317600212FAB /* RootViewController.swift */ = {isa = PBXFileReference; lastKnownFileType = sourcecode.swift; path = RootViewController.swift; sourceTree = "<group>"; };
		BE8D5B5720C737F000212FAB /* UIStoryboardSegue+Extension.swift */ = {isa = PBXFileReference; lastKnownFileType = sourcecode.swift; path = "UIStoryboardSegue+Extension.swift"; sourceTree = "<group>"; };
		BE8D5B5920C73CAD00212FAB /* DetailViewController.swift */ = {isa = PBXFileReference; lastKnownFileType = sourcecode.swift; path = DetailViewController.swift; sourceTree = "<group>"; };
		BE8D5B5B20C74B4900212FAB /* Array+Extension.swift */ = {isa = PBXFileReference; lastKnownFileType = sourcecode.swift; path = "Array+Extension.swift"; sourceTree = "<group>"; };
		BE8F8C0320C622AD00464572 /* APIClient.swift */ = {isa = PBXFileReference; lastKnownFileType = sourcecode.swift; path = APIClient.swift; sourceTree = "<group>"; };
		BE8F8C0520C622CF00464572 /* APIClient+Extension.swift */ = {isa = PBXFileReference; lastKnownFileType = sourcecode.swift; path = "APIClient+Extension.swift"; sourceTree = "<group>"; };
		BE8F8C0720C6232400464572 /* Endpoint.swift */ = {isa = PBXFileReference; lastKnownFileType = sourcecode.swift; path = Endpoint.swift; sourceTree = "<group>"; };
		BE8F8C0920C6233D00464572 /* Endpoint+Extension.swift */ = {isa = PBXFileReference; lastKnownFileType = sourcecode.swift; path = "Endpoint+Extension.swift"; sourceTree = "<group>"; };
		BE8F8C0B20C6238500464572 /* TMDbClient.swift */ = {isa = PBXFileReference; lastKnownFileType = sourcecode.swift; path = TMDbClient.swift; sourceTree = "<group>"; };
		BE8F8C0D20C623F500464572 /* TMDbEndpoint.swift */ = {isa = PBXFileReference; lastKnownFileType = sourcecode.swift; path = TMDbEndpoint.swift; sourceTree = "<group>"; };
		BE8F8C0F20C6243900464572 /* PosterEndpoint.swift */ = {isa = PBXFileReference; lastKnownFileType = sourcecode.swift; path = PosterEndpoint.swift; sourceTree = "<group>"; };
		BE8F8C1320C62A1800464572 /* GenreCodable.swift */ = {isa = PBXFileReference; fileEncoding = 4; lastKnownFileType = sourcecode.swift; path = GenreCodable.swift; sourceTree = "<group>"; };
		BE8F8C1420C62A1800464572 /* UpcomingCodableList.swift */ = {isa = PBXFileReference; fileEncoding = 4; lastKnownFileType = sourcecode.swift; path = UpcomingCodableList.swift; sourceTree = "<group>"; };
		BE8F8C1520C62A1800464572 /* UpcomingCodable.swift */ = {isa = PBXFileReference; fileEncoding = 4; lastKnownFileType = sourcecode.swift; path = UpcomingCodable.swift; sourceTree = "<group>"; };
		BE8F8C1620C62A1800464572 /* GenreCodableList.swift */ = {isa = PBXFileReference; fileEncoding = 4; lastKnownFileType = sourcecode.swift; path = GenreCodableList.swift; sourceTree = "<group>"; };
		BE8F8C2720C6D9BC00464572 /* UILabel+Extension.swift */ = {isa = PBXFileReference; lastKnownFileType = sourcecode.swift; path = "UILabel+Extension.swift"; sourceTree = "<group>"; };
		BE8F8C2920C6E07000464572 /* UIViewController+Extensions.swift */ = {isa = PBXFileReference; lastKnownFileType = sourcecode.swift; path = "UIViewController+Extensions.swift"; sourceTree = "<group>"; };
		BEBAD16E20C5D8FA0032B5A8 /* Upcoming.app */ = {isa = PBXFileReference; explicitFileType = wrapper.application; includeInIndex = 0; path = Upcoming.app; sourceTree = BUILT_PRODUCTS_DIR; };
		BEBAD17120C5D8FA0032B5A8 /* AppDelegate.swift */ = {isa = PBXFileReference; lastKnownFileType = sourcecode.swift; path = AppDelegate.swift; sourceTree = "<group>"; };
		BEBAD17620C5D8FA0032B5A8 /* Base */ = {isa = PBXFileReference; lastKnownFileType = file.storyboard; name = Base; path = Base.lproj/Main.storyboard; sourceTree = "<group>"; };
		BEBAD17820C5D8FB0032B5A8 /* Assets.xcassets */ = {isa = PBXFileReference; lastKnownFileType = folder.assetcatalog; path = Assets.xcassets; sourceTree = "<group>"; };
		BEBAD17B20C5D8FB0032B5A8 /* Base */ = {isa = PBXFileReference; lastKnownFileType = file.storyboard; name = Base; path = Base.lproj/LaunchScreen.storyboard; sourceTree = "<group>"; };
		BEBAD17D20C5D8FB0032B5A8 /* Info.plist */ = {isa = PBXFileReference; lastKnownFileType = text.plist.xml; path = Info.plist; sourceTree = "<group>"; };
/* End PBXFileReference section */

/* Begin PBXFrameworksBuildPhase section */
		BEBAD16B20C5D8FA0032B5A8 /* Frameworks */ = {
			isa = PBXFrameworksBuildPhase;
			buildActionMask = 2147483647;
			files = (
			);
			runOnlyForDeploymentPostprocessing = 0;
		};
/* End PBXFrameworksBuildPhase section */

/* Begin PBXGroup section */
		BE8F8C0120C6225600464572 /* Protocols */ = {
			isa = PBXGroup;
			children = (
				BE8F8C0320C622AD00464572 /* APIClient.swift */,
				BE8F8C0720C6232400464572 /* Endpoint.swift */,
			);
			path = Protocols;
			sourceTree = "<group>";
		};
		BE8F8C0220C6226700464572 /* Extensions */ = {
			isa = PBXGroup;
			children = (
				BE8F8C0520C622CF00464572 /* APIClient+Extension.swift */,
				BE8F8C0920C6233D00464572 /* Endpoint+Extension.swift */,
				BE8F8C0D20C623F500464572 /* TMDbEndpoint.swift */,
			);
			path = Extensions;
			sourceTree = "<group>";
		};
		BE8F8C1B20C6B25300464572 /* TableViewCells */ = {
			isa = PBXGroup;
			children = (
				BE8D5B5120C72F6F00212FAB /* MovieTableViewCell.swift */,
			);
			path = TableViewCells;
			sourceTree = "<group>";
		};
		BE8F8C2020C6D1CE00464572 /* RootViewController */ = {
			isa = PBXGroup;
			children = (
				BE8D5B5520C7317600212FAB /* RootViewController.swift */,
			);
			path = RootViewController;
			sourceTree = "<group>";
		};
		BE8F8C2620C6D9A300464572 /* Extensions */ = {
			isa = PBXGroup;
			children = (
				BE8F8C2720C6D9BC00464572 /* UILabel+Extension.swift */,
				BE8F8C2920C6E07000464572 /* UIViewController+Extensions.swift */,
				BE8D5B5320C72F9100212FAB /* UITableViewCell+Extension.swift */,
				BE8D5B5720C737F000212FAB /* UIStoryboardSegue+Extension.swift */,
				BE8D5B5B20C74B4900212FAB /* Array+Extension.swift */,
			);
			path = Extensions;
			sourceTree = "<group>";
		};
		BEBAD16520C5D8F90032B5A8 = {
			isa = PBXGroup;
			children = (
				BEBAD17020C5D8FA0032B5A8 /* Upcoming */,
				BEBAD16F20C5D8FA0032B5A8 /* Products */,
			);
			sourceTree = "<group>";
		};
		BEBAD16F20C5D8FA0032B5A8 /* Products */ = {
			isa = PBXGroup;
			children = (
				BEBAD16E20C5D8FA0032B5A8 /* Upcoming.app */,
			);
			name = Products;
			sourceTree = "<group>";
		};
		BEBAD17020C5D8FA0032B5A8 /* Upcoming */ = {
			isa = PBXGroup;
			children = (
				BE8F8C2620C6D9A300464572 /* Extensions */,
				BEBAD18920C610060032B5A8 /* AppDelegate */,
				BEBAD18820C60FF90032B5A8 /* Networkings */,
				BEBAD18720C60FC90032B5A8 /* Resources */,
				BEBAD18620C60FBB0032B5A8 /* Support Files */,
				BEBAD18520C60FB50032B5A8 /* Views */,
				BEBAD18420C60FA80032B5A8 /* ViewControllers */,
				BEBAD18320C60FA10032B5A8 /* Models */,
			);
			path = Upcoming;
			sourceTree = "<group>";
		};
		BEBAD18320C60FA10032B5A8 /* Models */ = {
			isa = PBXGroup;
			children = (
				BE8F8C1320C62A1800464572 /* GenreCodable.swift */,
				BE8F8C1620C62A1800464572 /* GenreCodableList.swift */,
				BE8F8C1520C62A1800464572 /* UpcomingCodable.swift */,
				BE8F8C1420C62A1800464572 /* UpcomingCodableList.swift */,
			);
			path = Models;
			sourceTree = "<group>";
		};
		BEBAD18420C60FA80032B5A8 /* ViewControllers */ = {
			isa = PBXGroup;
			children = (
				BE8F8C2020C6D1CE00464572 /* RootViewController */,
				BE8D5B5920C73CAD00212FAB /* DetailViewController.swift */,
			);
			path = ViewControllers;
			sourceTree = "<group>";
		};
		BEBAD18520C60FB50032B5A8 /* Views */ = {
			isa = PBXGroup;
			children = (
				BE8F8C1B20C6B25300464572 /* TableViewCells */,
				BEBAD17A20C5D8FB0032B5A8 /* LaunchScreen.storyboard */,
				BEBAD17520C5D8FA0032B5A8 /* Main.storyboard */,
			);
			path = Views;
			sourceTree = "<group>";
		};
		BEBAD18620C60FBB0032B5A8 /* Support Files */ = {
			isa = PBXGroup;
			children = (
				BEBAD17D20C5D8FB0032B5A8 /* Info.plist */,
			);
			path = "Support Files";
			sourceTree = "<group>";
		};
		BEBAD18720C60FC90032B5A8 /* Resources */ = {
			isa = PBXGroup;
			children = (
				BEBAD17820C5D8FB0032B5A8 /* Assets.xcassets */,
			);
			path = Resources;
			sourceTree = "<group>";
		};
		BEBAD18820C60FF90032B5A8 /* Networkings */ = {
			isa = PBXGroup;
			children = (
				BE8F8C0120C6225600464572 /* Protocols */,
				BE8F8C0220C6226700464572 /* Extensions */,
				BE8F8C0B20C6238500464572 /* TMDbClient.swift */,
				BE8F8C0F20C6243900464572 /* PosterEndpoint.swift */,
			);
			path = Networkings;
			sourceTree = "<group>";
		};
		BEBAD18920C610060032B5A8 /* AppDelegate */ = {
			isa = PBXGroup;
			children = (
				BEBAD17120C5D8FA0032B5A8 /* AppDelegate.swift */,
			);
			path = AppDelegate;
			sourceTree = "<group>";
		};
/* End PBXGroup section */

/* Begin PBXNativeTarget section */
		BEBAD16D20C5D8FA0032B5A8 /* Upcoming */ = {
			isa = PBXNativeTarget;
			buildConfigurationList = BEBAD18020C5D8FB0032B5A8 /* Build configuration list for PBXNativeTarget "Upcoming" */;
			buildPhases = (
				BEBAD16A20C5D8FA0032B5A8 /* Sources */,
				BEBAD16B20C5D8FA0032B5A8 /* Frameworks */,
				BEBAD16C20C5D8FA0032B5A8 /* Resources */,
			);
			buildRules = (
			);
			dependencies = (
			);
			name = Upcoming;
			productName = Upcoming;
			productReference = BEBAD16E20C5D8FA0032B5A8 /* Upcoming.app */;
			productType = "com.apple.product-type.application";
		};
/* End PBXNativeTarget section */

/* Begin PBXProject section */
		BEBAD16620C5D8FA0032B5A8 /* Project object */ = {
			isa = PBXProject;
			attributes = {
				LastSwiftUpdateCheck = 0940;
				LastUpgradeCheck = 0940;
				ORGANIZATIONNAME = ArcTouch;
				TargetAttributes = {
					BEBAD16D20C5D8FA0032B5A8 = {
						CreatedOnToolsVersion = 9.4;
					};
				};
			};
			buildConfigurationList = BEBAD16920C5D8FA0032B5A8 /* Build configuration list for PBXProject "Upcoming" */;
			compatibilityVersion = "Xcode 9.3";
			developmentRegion = en;
			hasScannedForEncodings = 0;
			knownRegions = (
				en,
				Base,
			);
			mainGroup = BEBAD16520C5D8F90032B5A8;
			productRefGroup = BEBAD16F20C5D8FA0032B5A8 /* Products */;
			projectDirPath = "";
			projectRoot = "";
			targets = (
				BEBAD16D20C5D8FA0032B5A8 /* Upcoming */,
			);
		};
/* End PBXProject section */

/* Begin PBXResourcesBuildPhase section */
		BEBAD16C20C5D8FA0032B5A8 /* Resources */ = {
			isa = PBXResourcesBuildPhase;
			buildActionMask = 2147483647;
			files = (
				BEBAD17C20C5D8FB0032B5A8 /* LaunchScreen.storyboard in Resources */,
				BEBAD17920C5D8FB0032B5A8 /* Assets.xcassets in Resources */,
				BEBAD17720C5D8FA0032B5A8 /* Main.storyboard in Resources */,
			);
			runOnlyForDeploymentPostprocessing = 0;
		};
/* End PBXResourcesBuildPhase section */

/* Begin PBXSourcesBuildPhase section */
		BEBAD16A20C5D8FA0032B5A8 /* Sources */ = {
			isa = PBXSourcesBuildPhase;
			buildActionMask = 2147483647;
			files = (
				BE8D5B5820C737F000212FAB /* UIStoryboardSegue+Extension.swift in Sources */,
				BE8F8C0620C622CF00464572 /* APIClient+Extension.swift in Sources */,
				BE8D5B5620C7317600212FAB /* RootViewController.swift in Sources */,
				BEBAD17220C5D8FA0032B5A8 /* AppDelegate.swift in Sources */,
				BE8F8C0420C622AD00464572 /* APIClient.swift in Sources */,
				BE8F8C1720C62A1800464572 /* GenreCodable.swift in Sources */,
				BE8D5B5420C72F9100212FAB /* UITableViewCell+Extension.swift in Sources */,
				BE8F8C2A20C6E07000464572 /* UIViewController+Extensions.swift in Sources */,
				BE8D5B5220C72F6F00212FAB /* MovieTableViewCell.swift in Sources */,
				BE8F8C0A20C6233D00464572 /* Endpoint+Extension.swift in Sources */,
				BE8D5B5A20C73CAD00212FAB /* DetailViewController.swift in Sources */,
				BE8D5B5C20C74B4900212FAB /* Array+Extension.swift in Sources */,
				BE8F8C0E20C623F500464572 /* TMDbEndpoint.swift in Sources */,
				BE8F8C2820C6D9BC00464572 /* UILabel+Extension.swift in Sources */,
				BE8F8C1820C62A1800464572 /* UpcomingCodableList.swift in Sources */,
				BE8F8C1920C62A1800464572 /* UpcomingCodable.swift in Sources */,
				BE8F8C1020C6243900464572 /* PosterEndpoint.swift in Sources */,
				BE8F8C0C20C6238500464572 /* TMDbClient.swift in Sources */,
				BE8F8C1A20C62A1800464572 /* GenreCodableList.swift in Sources */,
				BE8F8C0820C6232400464572 /* Endpoint.swift in Sources */,
			);
			runOnlyForDeploymentPostprocessing = 0;
		};
/* End PBXSourcesBuildPhase section */

/* Begin PBXVariantGroup section */
		BEBAD17520C5D8FA0032B5A8 /* Main.storyboard */ = {
			isa = PBXVariantGroup;
			children = (
				BEBAD17620C5D8FA0032B5A8 /* Base */,
			);
			name = Main.storyboard;
			sourceTree = "<group>";
		};
		BEBAD17A20C5D8FB0032B5A8 /* LaunchScreen.storyboard */ = {
			isa = PBXVariantGroup;
			children = (
				BEBAD17B20C5D8FB0032B5A8 /* Base */,
			);
			name = LaunchScreen.storyboard;
			sourceTree = "<group>";
		};
/* End PBXVariantGroup section */

/* Begin XCBuildConfiguration section */
		BEBAD17E20C5D8FB0032B5A8 /* Debug */ = {
			isa = XCBuildConfiguration;
			buildSettings = {
				ALWAYS_SEARCH_USER_PATHS = NO;
				CLANG_ANALYZER_NONNULL = YES;
				CLANG_ANALYZER_NUMBER_OBJECT_CONVERSION = YES_AGGRESSIVE;
				CLANG_CXX_LANGUAGE_STANDARD = "gnu++14";
				CLANG_CXX_LIBRARY = "libc++";
				CLANG_ENABLE_MODULES = YES;
				CLANG_ENABLE_OBJC_ARC = YES;
				CLANG_ENABLE_OBJC_WEAK = YES;
				CLANG_WARN_BLOCK_CAPTURE_AUTORELEASING = YES;
				CLANG_WARN_BOOL_CONVERSION = YES;
				CLANG_WARN_COMMA = YES;
				CLANG_WARN_CONSTANT_CONVERSION = YES;
				CLANG_WARN_DEPRECATED_OBJC_IMPLEMENTATIONS = YES;
				CLANG_WARN_DIRECT_OBJC_ISA_USAGE = YES_ERROR;
				CLANG_WARN_DOCUMENTATION_COMMENTS = YES;
				CLANG_WARN_EMPTY_BODY = YES;
				CLANG_WARN_ENUM_CONVERSION = YES;
				CLANG_WARN_INFINITE_RECURSION = YES;
				CLANG_WARN_INT_CONVERSION = YES;
				CLANG_WARN_NON_LITERAL_NULL_CONVERSION = YES;
				CLANG_WARN_OBJC_IMPLICIT_RETAIN_SELF = YES;
				CLANG_WARN_OBJC_LITERAL_CONVERSION = YES;
				CLANG_WARN_OBJC_ROOT_CLASS = YES_ERROR;
				CLANG_WARN_RANGE_LOOP_ANALYSIS = YES;
				CLANG_WARN_STRICT_PROTOTYPES = YES;
				CLANG_WARN_SUSPICIOUS_MOVE = YES;
				CLANG_WARN_UNGUARDED_AVAILABILITY = YES_AGGRESSIVE;
				CLANG_WARN_UNREACHABLE_CODE = YES;
				CLANG_WARN__DUPLICATE_METHOD_MATCH = YES;
				CODE_SIGN_IDENTITY = "iPhone Developer";
				COPY_PHASE_STRIP = NO;
				DEBUG_INFORMATION_FORMAT = dwarf;
				ENABLE_STRICT_OBJC_MSGSEND = YES;
				ENABLE_TESTABILITY = YES;
				GCC_C_LANGUAGE_STANDARD = gnu11;
				GCC_DYNAMIC_NO_PIC = NO;
				GCC_NO_COMMON_BLOCKS = YES;
				GCC_OPTIMIZATION_LEVEL = 0;
				GCC_PREPROCESSOR_DEFINITIONS = (
					"DEBUG=1",
					"$(inherited)",
				);
				GCC_WARN_64_TO_32_BIT_CONVERSION = YES;
				GCC_WARN_ABOUT_RETURN_TYPE = YES_ERROR;
				GCC_WARN_UNDECLARED_SELECTOR = YES;
				GCC_WARN_UNINITIALIZED_AUTOS = YES_AGGRESSIVE;
				GCC_WARN_UNUSED_FUNCTION = YES;
				GCC_WARN_UNUSED_VARIABLE = YES;
				IPHONEOS_DEPLOYMENT_TARGET = 11.4;
				MTL_ENABLE_DEBUG_INFO = YES;
				ONLY_ACTIVE_ARCH = YES;
				SDKROOT = iphoneos;
				SWIFT_ACTIVE_COMPILATION_CONDITIONS = DEBUG;
				SWIFT_OPTIMIZATION_LEVEL = "-Onone";
			};
			name = Debug;
		};
		BEBAD17F20C5D8FB0032B5A8 /* Release */ = {
			isa = XCBuildConfiguration;
			buildSettings = {
				ALWAYS_SEARCH_USER_PATHS = NO;
				CLANG_ANALYZER_NONNULL = YES;
				CLANG_ANALYZER_NUMBER_OBJECT_CONVERSION = YES_AGGRESSIVE;
				CLANG_CXX_LANGUAGE_STANDARD = "gnu++14";
				CLANG_CXX_LIBRARY = "libc++";
				CLANG_ENABLE_MODULES = YES;
				CLANG_ENABLE_OBJC_ARC = YES;
				CLANG_ENABLE_OBJC_WEAK = YES;
				CLANG_WARN_BLOCK_CAPTURE_AUTORELEASING = YES;
				CLANG_WARN_BOOL_CONVERSION = YES;
				CLANG_WARN_COMMA = YES;
				CLANG_WARN_CONSTANT_CONVERSION = YES;
				CLANG_WARN_DEPRECATED_OBJC_IMPLEMENTATIONS = YES;
				CLANG_WARN_DIRECT_OBJC_ISA_USAGE = YES_ERROR;
				CLANG_WARN_DOCUMENTATION_COMMENTS = YES;
				CLANG_WARN_EMPTY_BODY = YES;
				CLANG_WARN_ENUM_CONVERSION = YES;
				CLANG_WARN_INFINITE_RECURSION = YES;
				CLANG_WARN_INT_CONVERSION = YES;
				CLANG_WARN_NON_LITERAL_NULL_CONVERSION = YES;
				CLANG_WARN_OBJC_IMPLICIT_RETAIN_SELF = YES;
				CLANG_WARN_OBJC_LITERAL_CONVERSION = YES;
				CLANG_WARN_OBJC_ROOT_CLASS = YES_ERROR;
				CLANG_WARN_RANGE_LOOP_ANALYSIS = YES;
				CLANG_WARN_STRICT_PROTOTYPES = YES;
				CLANG_WARN_SUSPICIOUS_MOVE = YES;
				CLANG_WARN_UNGUARDED_AVAILABILITY = YES_AGGRESSIVE;
				CLANG_WARN_UNREACHABLE_CODE = YES;
				CLANG_WARN__DUPLICATE_METHOD_MATCH = YES;
				CODE_SIGN_IDENTITY = "iPhone Developer";
				COPY_PHASE_STRIP = NO;
				DEBUG_INFORMATION_FORMAT = "dwarf-with-dsym";
				ENABLE_NS_ASSERTIONS = NO;
				ENABLE_STRICT_OBJC_MSGSEND = YES;
				GCC_C_LANGUAGE_STANDARD = gnu11;
				GCC_NO_COMMON_BLOCKS = YES;
				GCC_WARN_64_TO_32_BIT_CONVERSION = YES;
				GCC_WARN_ABOUT_RETURN_TYPE = YES_ERROR;
				GCC_WARN_UNDECLARED_SELECTOR = YES;
				GCC_WARN_UNINITIALIZED_AUTOS = YES_AGGRESSIVE;
				GCC_WARN_UNUSED_FUNCTION = YES;
				GCC_WARN_UNUSED_VARIABLE = YES;
				IPHONEOS_DEPLOYMENT_TARGET = 11.4;
				MTL_ENABLE_DEBUG_INFO = NO;
				SDKROOT = iphoneos;
				SWIFT_COMPILATION_MODE = wholemodule;
				SWIFT_OPTIMIZATION_LEVEL = "-O";
				VALIDATE_PRODUCT = YES;
			};
			name = Release;
		};
		BEBAD18120C5D8FB0032B5A8 /* Debug */ = {
			isa = XCBuildConfiguration;
			buildSettings = {
				ASSETCATALOG_COMPILER_APPICON_NAME = AppIcon;
				CODE_SIGN_STYLE = Automatic;
				DEVELOPMENT_TEAM = 6G7MA7JWVY;
				INFOPLIST_FILE = "$(SRCROOT)/Upcoming/Support Files/Info.plist";
				IPHONEOS_DEPLOYMENT_TARGET = 10.0;
				LD_RUNPATH_SEARCH_PATHS = (
					"$(inherited)",
					"@executable_path/Frameworks",
				);
				PRODUCT_BUNDLE_IDENTIFIER = com.arctouch.Upcoming;
				PRODUCT_NAME = "$(TARGET_NAME)";
				SWIFT_VERSION = 4.0;
				TARGETED_DEVICE_FAMILY = 1;
			};
			name = Debug;
		};
		BEBAD18220C5D8FB0032B5A8 /* Release */ = {
			isa = XCBuildConfiguration;
			buildSettings = {
				ASSETCATALOG_COMPILER_APPICON_NAME = AppIcon;
				CODE_SIGN_STYLE = Automatic;
				DEVELOPMENT_TEAM = 6G7MA7JWVY;
				INFOPLIST_FILE = "$(SRCROOT)/Upcoming/Support Files/Info.plist";
				IPHONEOS_DEPLOYMENT_TARGET = 10.0;
				LD_RUNPATH_SEARCH_PATHS = (
					"$(inherited)",
					"@executable_path/Frameworks",
				);
				PRODUCT_BUNDLE_IDENTIFIER = com.arctouch.Upcoming;
				PRODUCT_NAME = "$(TARGET_NAME)";
				SWIFT_VERSION = 4.0;
				TARGETED_DEVICE_FAMILY = 1;
			};
			name = Release;
		};
/* End XCBuildConfiguration section */

/* Begin XCConfigurationList section */
		BEBAD16920C5D8FA0032B5A8 /* Build configuration list for PBXProject "Upcoming" */ = {
			isa = XCConfigurationList;
			buildConfigurations = (
				BEBAD17E20C5D8FB0032B5A8 /* Debug */,
				BEBAD17F20C5D8FB0032B5A8 /* Release */,
			);
			defaultConfigurationIsVisible = 0;
			defaultConfigurationName = Release;
		};
		BEBAD18020C5D8FB0032B5A8 /* Build configuration list for PBXNativeTarget "Upcoming" */ = {
			isa = XCConfigurationList;
			buildConfigurations = (
				BEBAD18120C5D8FB0032B5A8 /* Debug */,
				BEBAD18220C5D8FB0032B5A8 /* Release */,
			);
			defaultConfigurationIsVisible = 0;
			defaultConfigurationName = Release;
		};
/* End XCConfigurationList section */
	};
	rootObject = BEBAD16620C5D8FA0032B5A8 /* Project object */;
}
